# Code generated by scarb DO NOT EDIT.
version = 1

[[package]]
name = "contracts"
version = "0.1.0"
dependencies = [
 "snforge_std",
]

[[package]]
name = "snforge_scarb_plugin"
version = "0.36.0"
source = "registry+https://scarbs.xyz/"
checksum = "sha256:b9550f5c921502be3e240e83aa9e2dc6ee63ae76bfecee082b7a15bead0460c0"

[[package]]
name = "snforge_std"
version = "0.36.0"
source = "registry+https://scarbs.xyz/"
checksum = "sha256:9f38c6c376447cfe225c5869905122f6a64bc301f5872c7855d2abe6e9c0a1da"
dependencies = [
 "snforge_scarb_plugin",
]
